
Microsoft Visual Studio Solution File, Format Version 12.00
# Visual Studio 2012
Project("{FAE04EC0-301F-11D3-BF4B-00C04F79EFBC}") = "T021", "T021\T021.csproj", "{CFACDF1D-BD80-436F-9D78-182D47641AC3}"
EndProject
Global
	GlobalSection(SolutionConfigurationPlatforms) = preSolution
		Debug|Any CPU = Debug|Any CPU
		Release|Any CPU = Release|Any CPU
	EndGlobalSection
	GlobalSection(ProjectConfigurationPlatforms) = postSolution
		{CFACDF1D-BD80-436F-9D78-182D47641AC3}.Debug|Any CPU.ActiveCfg = Debug|Any CPU
		{CFACDF1D-BD80-436F-9D78-182D47641AC3}.Debug|Any CPU.Build.0 = Debug|Any CPU
		{CFACDF1D-BD80-436F-9D78-182D47641AC3}.Release|Any CPU.ActiveCfg = Release|Any CPU
		{CFACDF1D-BD80-436F-9D78-182D47641AC3}.Release|Any CPU.Build.0 = Release|Any CPU
	EndGlobalSection
	GlobalSection(SolutionProperties) = preSolution
		HideSolutionNode = FALSE
	EndGlobalSection
EndGlobal
