
Microsoft Visual Studio Solution File, Format Version 12.00
# Visual Studio 2012
Project("{FAE04EC0-301F-11D3-BF4B-00C04F79EFBC}") = "T051", "T051\T051.csproj", "{98FDE991-F43D-4B0F-9C3C-605B4082E79F}"
EndProject
Global
	GlobalSection(SolutionConfigurationPlatforms) = preSolution
		Debug|Any CPU = Debug|Any CPU
		Release|Any CPU = Release|Any CPU
	EndGlobalSection
	GlobalSection(ProjectConfigurationPlatforms) = postSolution
		{98FDE991-F43D-4B0F-9C3C-605B4082E79F}.Debug|Any CPU.ActiveCfg = Debug|Any CPU
		{98FDE991-F43D-4B0F-9C3C-605B4082E79F}.Debug|Any CPU.Build.0 = Debug|Any CPU
		{98FDE991-F43D-4B0F-9C3C-605B4082E79F}.Release|Any CPU.ActiveCfg = Release|Any CPU
		{98FDE991-F43D-4B0F-9C3C-605B4082E79F}.Release|Any CPU.Build.0 = Release|Any CPU
	EndGlobalSection
	GlobalSection(SolutionProperties) = preSolution
		HideSolutionNode = FALSE
	EndGlobalSection
EndGlobal
