
Microsoft Visual Studio Solution File, Format Version 12.00
# Visual Studio 2012
Project("{FAE04EC0-301F-11D3-BF4B-00C04F79EFBC}") = "T014", "T014\T014.csproj", "{5A6C32EA-9537-4F0D-A243-1C87324ADE31}"
EndProject
Global
	GlobalSection(SolutionConfigurationPlatforms) = preSolution
		Debug|Any CPU = Debug|Any CPU
		Release|Any CPU = Release|Any CPU
	EndGlobalSection
	GlobalSection(ProjectConfigurationPlatforms) = postSolution
		{5A6C32EA-9537-4F0D-A243-1C87324ADE31}.Debug|Any CPU.ActiveCfg = Debug|Any CPU
		{5A6C32EA-9537-4F0D-A243-1C87324ADE31}.Debug|Any CPU.Build.0 = Debug|Any CPU
		{5A6C32EA-9537-4F0D-A243-1C87324ADE31}.Release|Any CPU.ActiveCfg = Release|Any CPU
		{5A6C32EA-9537-4F0D-A243-1C87324ADE31}.Release|Any CPU.Build.0 = Release|Any CPU
	EndGlobalSection
	GlobalSection(SolutionProperties) = preSolution
		HideSolutionNode = FALSE
	EndGlobalSection
EndGlobal
