
Microsoft Visual Studio Solution File, Format Version 12.00
# Visual Studio 2012
Project("{FAE04EC0-301F-11D3-BF4B-00C04F79EFBC}") = "T023", "T023\T023.csproj", "{574EF4BB-2D23-4659-B7CB-B6F5B1D339CE}"
EndProject
Global
	GlobalSection(SolutionConfigurationPlatforms) = preSolution
		Debug|Any CPU = Debug|Any CPU
		Release|Any CPU = Release|Any CPU
	EndGlobalSection
	GlobalSection(ProjectConfigurationPlatforms) = postSolution
		{574EF4BB-2D23-4659-B7CB-B6F5B1D339CE}.Debug|Any CPU.ActiveCfg = Debug|Any CPU
		{574EF4BB-2D23-4659-B7CB-B6F5B1D339CE}.Debug|Any CPU.Build.0 = Debug|Any CPU
		{574EF4BB-2D23-4659-B7CB-B6F5B1D339CE}.Release|Any CPU.ActiveCfg = Release|Any CPU
		{574EF4BB-2D23-4659-B7CB-B6F5B1D339CE}.Release|Any CPU.Build.0 = Release|Any CPU
	EndGlobalSection
	GlobalSection(SolutionProperties) = preSolution
		HideSolutionNode = FALSE
	EndGlobalSection
EndGlobal
