
Microsoft Visual Studio Solution File, Format Version 12.00
# Visual Studio 2012
Project("{FAE04EC0-301F-11D3-BF4B-00C04F79EFBC}") = "T053", "T053\T053.csproj", "{DE879B59-F669-4ED7-A124-B48FF19A4E23}"
EndProject
Global
	GlobalSection(SolutionConfigurationPlatforms) = preSolution
		Debug|Any CPU = Debug|Any CPU
		Release|Any CPU = Release|Any CPU
	EndGlobalSection
	GlobalSection(ProjectConfigurationPlatforms) = postSolution
		{DE879B59-F669-4ED7-A124-B48FF19A4E23}.Debug|Any CPU.ActiveCfg = Debug|Any CPU
		{DE879B59-F669-4ED7-A124-B48FF19A4E23}.Debug|Any CPU.Build.0 = Debug|Any CPU
		{DE879B59-F669-4ED7-A124-B48FF19A4E23}.Release|Any CPU.ActiveCfg = Release|Any CPU
		{DE879B59-F669-4ED7-A124-B48FF19A4E23}.Release|Any CPU.Build.0 = Release|Any CPU
	EndGlobalSection
	GlobalSection(SolutionProperties) = preSolution
		HideSolutionNode = FALSE
	EndGlobalSection
EndGlobal
