
Microsoft Visual Studio Solution File, Format Version 12.00
# Visual Studio 2012
Project("{FAE04EC0-301F-11D3-BF4B-00C04F79EFBC}") = "T047", "T047\T047.csproj", "{A3FDBA55-DBB2-45DE-9917-549EDFADE28C}"
EndProject
Global
	GlobalSection(SolutionConfigurationPlatforms) = preSolution
		Debug|Any CPU = Debug|Any CPU
		Release|Any CPU = Release|Any CPU
	EndGlobalSection
	GlobalSection(ProjectConfigurationPlatforms) = postSolution
		{A3FDBA55-DBB2-45DE-9917-549EDFADE28C}.Debug|Any CPU.ActiveCfg = Debug|Any CPU
		{A3FDBA55-DBB2-45DE-9917-549EDFADE28C}.Debug|Any CPU.Build.0 = Debug|Any CPU
		{A3FDBA55-DBB2-45DE-9917-549EDFADE28C}.Release|Any CPU.ActiveCfg = Release|Any CPU
		{A3FDBA55-DBB2-45DE-9917-549EDFADE28C}.Release|Any CPU.Build.0 = Release|Any CPU
	EndGlobalSection
	GlobalSection(SolutionProperties) = preSolution
		HideSolutionNode = FALSE
	EndGlobalSection
EndGlobal
